
Microsoft Visual Studio Solution File, Format Version 12.00
# Visual Studio Version 17
VisualStudioVersion = 17.2.32516.85
MinimumVisualStudioVersion = 10.0.40219.1
Project("{2150E333-8FDC-42A3-9474-1A3956D46DE8}") = "1-Api", "1-Api", "{28D90331-1B33-4EA2-8B5D-4253E41B2A37}"
EndProject
Project("{2150E333-8FDC-42A3-9474-1A3956D46DE8}") = "2-Application", "2-Application", "{8AEE22E4-A0DE-45EB-986B-E60D80BB26A5}"
EndProject
Project("{2150E333-8FDC-42A3-9474-1A3956D46DE8}") = "3-Domain", "3-Domain", "{B6810A41-E430-44D6-BED5-D78B65AC2D0A}"
EndProject
Project("{2150E333-8FDC-42A3-9474-1A3956D46DE8}") = "4-Infra", "4-Infra", "{1F73ECCA-6A6B-42B0-A952-6FD27DF35FF2}"
EndProject
Project("{2150E333-8FDC-42A3-9474-1A3956D46DE8}") = "4.1-Data", "4.1-Data", "{88ED3484-7B01-4136-A8BB-6BE980B65039}"
EndProject
Project("{2150E333-8FDC-42A3-9474-1A3956D46DE8}") = "4.2-CrossCutting", "4.2-CrossCutting", "{C24D64CB-3D41-4FA5-9C81-A90AA44E1A36}"
EndProject
Project("{9A19103F-16F7-4668-BE54-9A1E7A4F7556}") = "Api", "Api\Api.csproj", "{B593DFB5-7BC0-4E04-9EA5-B121A6B544D8}"
EndProject
Project("{9A19103F-16F7-4668-BE54-9A1E7A4F7556}") = "Application", "Application\Application.csproj", "{C4D765D1-A7AC-41BF-9DD5-F8FD7DC12A10}"
EndProject
Project("{9A19103F-16F7-4668-BE54-9A1E7A4F7556}") = "Domain", "Domain\Domain.csproj", "{1CE49150-4D03-4D90-B070-188D0064FEBC}"
EndProject
Project("{9A19103F-16F7-4668-BE54-9A1E7A4F7556}") = "Data", "Data\Data.csproj", "{923134DA-7B14-4F85-A4F1-677248375122}"
EndProject
Project("{FAE04EC0-301F-11D3-BF4B-00C04F79EFBC}") = "Ioc", "Ioc\Ioc.csproj", "{DD1FB148-C59E-4C0A-91B6-875469AA49BC}"
EndProject
Global
	GlobalSection(SolutionConfigurationPlatforms) = preSolution
		Debug|Any CPU = Debug|Any CPU
		Release|Any CPU = Release|Any CPU
	EndGlobalSection
	GlobalSection(ProjectConfigurationPlatforms) = postSolution
		{B593DFB5-7BC0-4E04-9EA5-B121A6B544D8}.Debug|Any CPU.ActiveCfg = Debug|Any CPU
		{B593DFB5-7BC0-4E04-9EA5-B121A6B544D8}.Debug|Any CPU.Build.0 = Debug|Any CPU
		{B593DFB5-7BC0-4E04-9EA5-B121A6B544D8}.Release|Any CPU.ActiveCfg = Release|Any CPU
		{B593DFB5-7BC0-4E04-9EA5-B121A6B544D8}.Release|Any CPU.Build.0 = Release|Any CPU
		{C4D765D1-A7AC-41BF-9DD5-F8FD7DC12A10}.Debug|Any CPU.ActiveCfg = Debug|Any CPU
		{C4D765D1-A7AC-41BF-9DD5-F8FD7DC12A10}.Debug|Any CPU.Build.0 = Debug|Any CPU
		{C4D765D1-A7AC-41BF-9DD5-F8FD7DC12A10}.Release|Any CPU.ActiveCfg = Release|Any CPU
		{C4D765D1-A7AC-41BF-9DD5-F8FD7DC12A10}.Release|Any CPU.Build.0 = Release|Any CPU
		{1CE49150-4D03-4D90-B070-188D0064FEBC}.Debug|Any CPU.ActiveCfg = Debug|Any CPU
		{1CE49150-4D03-4D90-B070-188D0064FEBC}.Debug|Any CPU.Build.0 = Debug|Any CPU
		{1CE49150-4D03-4D90-B070-188D0064FEBC}.Release|Any CPU.ActiveCfg = Release|Any CPU
		{1CE49150-4D03-4D90-B070-188D0064FEBC}.Release|Any CPU.Build.0 = Release|Any CPU
		{923134DA-7B14-4F85-A4F1-677248375122}.Debug|Any CPU.ActiveCfg = Debug|Any CPU
		{923134DA-7B14-4F85-A4F1-677248375122}.Debug|Any CPU.Build.0 = Debug|Any CPU
		{923134DA-7B14-4F85-A4F1-677248375122}.Release|Any CPU.ActiveCfg = Release|Any CPU
		{923134DA-7B14-4F85-A4F1-677248375122}.Release|Any CPU.Build.0 = Release|Any CPU
		{DD1FB148-C59E-4C0A-91B6-875469AA49BC}.Debug|Any CPU.ActiveCfg = Debug|Any CPU
		{DD1FB148-C59E-4C0A-91B6-875469AA49BC}.Debug|Any CPU.Build.0 = Debug|Any CPU
		{DD1FB148-C59E-4C0A-91B6-875469AA49BC}.Release|Any CPU.ActiveCfg = Release|Any CPU
		{DD1FB148-C59E-4C0A-91B6-875469AA49BC}.Release|Any CPU.Build.0 = Release|Any CPU
	EndGlobalSection
	GlobalSection(SolutionProperties) = preSolution
		HideSolutionNode = FALSE
	EndGlobalSection
	GlobalSection(NestedProjects) = preSolution
		{88ED3484-7B01-4136-A8BB-6BE980B65039} = {1F73ECCA-6A6B-42B0-A952-6FD27DF35FF2}
		{C24D64CB-3D41-4FA5-9C81-A90AA44E1A36} = {1F73ECCA-6A6B-42B0-A952-6FD27DF35FF2}
		{B593DFB5-7BC0-4E04-9EA5-B121A6B544D8} = {28D90331-1B33-4EA2-8B5D-4253E41B2A37}
		{C4D765D1-A7AC-41BF-9DD5-F8FD7DC12A10} = {8AEE22E4-A0DE-45EB-986B-E60D80BB26A5}
		{1CE49150-4D03-4D90-B070-188D0064FEBC} = {B6810A41-E430-44D6-BED5-D78B65AC2D0A}
		{923134DA-7B14-4F85-A4F1-677248375122} = {88ED3484-7B01-4136-A8BB-6BE980B65039}
		{DD1FB148-C59E-4C0A-91B6-875469AA49BC} = {C24D64CB-3D41-4FA5-9C81-A90AA44E1A36}
	EndGlobalSection
	GlobalSection(ExtensibilityGlobals) = postSolution
		SolutionGuid = {F1AB61D7-C695-44B9-8278-C0F87E39F684}
	EndGlobalSection
EndGlobal
